
Microsoft Visual Studio Solution File, Format Version 12.00
# Visual Studio Version 17
VisualStudioVersion = 17.10.35122.118
MinimumVisualStudioVersion = 10.0.40219.1
Project("{9A19103F-16F7-4668-BE54-9A1E7A4F7556}") = "ChatServer", "ChatServer.csproj", "{D94C3F7E-1C6B-48A8-85E4-C893C7326997}"
EndProject
Project("{FAE04EC0-301F-11D3-BF4B-00C04F79EFBC}") = "MasterDB", "..\MasterDB\MasterDB.csproj", "{77C30143-97B8-48E0-82A5-996D604E10CB}"
EndProject
Global
	GlobalSection(SolutionConfigurationPlatforms) = preSolution
		Debug|Any CPU = Debug|Any CPU
		Release|Any CPU = Release|Any CPU
	EndGlobalSection
	GlobalSection(ProjectConfigurationPlatforms) = postSolution
		{D94C3F7E-1C6B-48A8-85E4-C893C7326997}.Debug|Any CPU.ActiveCfg = Debug|Any CPU
		{D94C3F7E-1C6B-48A8-85E4-C893C7326997}.Debug|Any CPU.Build.0 = Debug|Any CPU
		{D94C3F7E-1C6B-48A8-85E4-C893C7326997}.Release|Any CPU.ActiveCfg = Release|Any CPU
		{D94C3F7E-1C6B-48A8-85E4-C893C7326997}.Release|Any CPU.Build.0 = Release|Any CPU
		{77C30143-97B8-48E0-82A5-996D604E10CB}.Debug|Any CPU.ActiveCfg = Debug|Any CPU
		{77C30143-97B8-48E0-82A5-996D604E10CB}.Debug|Any CPU.Build.0 = Debug|Any CPU
		{77C30143-97B8-48E0-82A5-996D604E10CB}.Release|Any CPU.ActiveCfg = Release|Any CPU
		{77C30143-97B8-48E0-82A5-996D604E10CB}.Release|Any CPU.Build.0 = Release|Any CPU
	EndGlobalSection
	GlobalSection(SolutionProperties) = preSolution
		HideSolutionNode = FALSE
	EndGlobalSection
	GlobalSection(ExtensibilityGlobals) = postSolution
		SolutionGuid = {817124D7-9079-47EE-855F-3926B5C4819E}
	EndGlobalSection
EndGlobal
